
Microsoft Visual Studio Solution File, Format Version 12.00
Project("{FAE04EC0-301F-11D3-BF4B-00C04F79EFBC}") = "HelloWorld", "HelloWorld.csproj", "{DC0BACF5-3B3B-4C3F-90F2-28F8B39302EC}"
EndProject
Global
	GlobalSection(SolutionConfigurationPlatforms) = preSolution
		Debug|Any CPU = Debug|Any CPU
		Release|Any CPU = Release|Any CPU
	EndGlobalSection
	GlobalSection(ProjectConfigurationPlatforms) = postSolution
		{DC0BACF5-3B3B-4C3F-90F2-28F8B39302EC}.Debug|Any CPU.ActiveCfg = Debug|Any CPU
		{DC0BACF5-3B3B-4C3F-90F2-28F8B39302EC}.Debug|Any CPU.Build.0 = Debug|Any CPU
		{DC0BACF5-3B3B-4C3F-90F2-28F8B39302EC}.Release|Any CPU.ActiveCfg = Release|Any CPU
		{DC0BACF5-3B3B-4C3F-90F2-28F8B39302EC}.Release|Any CPU.Build.0 = Release|Any CPU
	EndGlobalSection
EndGlobal
