
Microsoft Visual Studio Solution File, Format Version 12.00
Project("{FAE04EC0-301F-11D3-BF4B-00C04F79EFBC}") = "Calculator", "Calculator.csproj", "{852D9458-4674-4CD0-A58A-D878E60008D9}"
EndProject
Project("{FAE04EC0-301F-11D3-BF4B-00C04F79EFBC}") = "NumbeGuessingGame", "NumbeGuessingGame\NumbeGuessingGame.csproj", "{68CC252F-8855-42D0-8867-F4776FE10467}"
EndProject
Global
	GlobalSection(SolutionConfigurationPlatforms) = preSolution
		Debug|Any CPU = Debug|Any CPU
		Release|Any CPU = Release|Any CPU
	EndGlobalSection
	GlobalSection(ProjectConfigurationPlatforms) = postSolution
		{852D9458-4674-4CD0-A58A-D878E60008D9}.Debug|Any CPU.ActiveCfg = Debug|Any CPU
		{852D9458-4674-4CD0-A58A-D878E60008D9}.Debug|Any CPU.Build.0 = Debug|Any CPU
		{852D9458-4674-4CD0-A58A-D878E60008D9}.Release|Any CPU.ActiveCfg = Release|Any CPU
		{852D9458-4674-4CD0-A58A-D878E60008D9}.Release|Any CPU.Build.0 = Release|Any CPU
		{68CC252F-8855-42D0-8867-F4776FE10467}.Debug|Any CPU.ActiveCfg = Debug|Any CPU
		{68CC252F-8855-42D0-8867-F4776FE10467}.Debug|Any CPU.Build.0 = Debug|Any CPU
		{68CC252F-8855-42D0-8867-F4776FE10467}.Release|Any CPU.ActiveCfg = Release|Any CPU
		{68CC252F-8855-42D0-8867-F4776FE10467}.Release|Any CPU.Build.0 = Release|Any CPU
	EndGlobalSection
EndGlobal
