
Microsoft Visual Studio Solution File, Format Version 12.00
# Visual Studio Version 17
VisualStudioVersion = 17.5.002.0
MinimumVisualStudioVersion = 10.0.40219.1
Project("{9A19103F-16F7-4668-BE54-9A1E7A4F7556}") = "TutorialProject", "TutorialProject.csproj", "{596C4D6A-41F9-4C37-A74D-EBC075430468}"
EndProject
Project("{F2A71F9B-5D33-465A-A702-920D77279786}") = "Person", "Person\Person.fsproj", "{48F36B3E-112E-4439-9B65-5BCEDE89002C}"
EndProject
Project("{FAE04EC0-301F-11D3-BF4B-00C04F79EFBC}") = "RockPaperScissor", "RockPaperScissor\RockPaperScissor.csproj", "{5D021B37-232B-4C66-804F-6B7DE3A06240}"
EndProject
Project("{FAE04EC0-301F-11D3-BF4B-00C04F79EFBC}") = "RockPaperScissor", "..\RockPaperScissor\RockPaperScissor.csproj", "{1105FFD2-5573-4534-9809-0E8925813D62}"
EndProject
Global
	GlobalSection(SolutionConfigurationPlatforms) = preSolution
		Debug|Any CPU = Debug|Any CPU
		Release|Any CPU = Release|Any CPU
	EndGlobalSection
	GlobalSection(ProjectConfigurationPlatforms) = postSolution
		{596C4D6A-41F9-4C37-A74D-EBC075430468}.Debug|Any CPU.ActiveCfg = Debug|Any CPU
		{596C4D6A-41F9-4C37-A74D-EBC075430468}.Debug|Any CPU.Build.0 = Debug|Any CPU
		{596C4D6A-41F9-4C37-A74D-EBC075430468}.Release|Any CPU.ActiveCfg = Release|Any CPU
		{596C4D6A-41F9-4C37-A74D-EBC075430468}.Release|Any CPU.Build.0 = Release|Any CPU
		{48F36B3E-112E-4439-9B65-5BCEDE89002C}.Debug|Any CPU.ActiveCfg = Debug|Any CPU
		{48F36B3E-112E-4439-9B65-5BCEDE89002C}.Debug|Any CPU.Build.0 = Debug|Any CPU
		{48F36B3E-112E-4439-9B65-5BCEDE89002C}.Release|Any CPU.ActiveCfg = Release|Any CPU
		{48F36B3E-112E-4439-9B65-5BCEDE89002C}.Release|Any CPU.Build.0 = Release|Any CPU
		{5D021B37-232B-4C66-804F-6B7DE3A06240}.Debug|Any CPU.ActiveCfg = Debug|Any CPU
		{5D021B37-232B-4C66-804F-6B7DE3A06240}.Debug|Any CPU.Build.0 = Debug|Any CPU
		{5D021B37-232B-4C66-804F-6B7DE3A06240}.Release|Any CPU.ActiveCfg = Release|Any CPU
		{5D021B37-232B-4C66-804F-6B7DE3A06240}.Release|Any CPU.Build.0 = Release|Any CPU
		{1105FFD2-5573-4534-9809-0E8925813D62}.Debug|Any CPU.ActiveCfg = Debug|Any CPU
		{1105FFD2-5573-4534-9809-0E8925813D62}.Debug|Any CPU.Build.0 = Debug|Any CPU
		{1105FFD2-5573-4534-9809-0E8925813D62}.Release|Any CPU.ActiveCfg = Release|Any CPU
		{1105FFD2-5573-4534-9809-0E8925813D62}.Release|Any CPU.Build.0 = Release|Any CPU
	EndGlobalSection
	GlobalSection(SolutionProperties) = preSolution
		HideSolutionNode = FALSE
	EndGlobalSection
	GlobalSection(ExtensibilityGlobals) = postSolution
		SolutionGuid = {E3166DDE-030F-4527-A5EA-C59FB4951501}
	EndGlobalSection
EndGlobal
