
Microsoft Visual Studio Solution File, Format Version 12.00
Project("{FAE04EC0-301F-11D3-BF4B-00C04F79EFBC}") = "WiredBrainCoffee.EmployeeManager", "WiredBrainCoffee.EmployeeManager\WiredBrainCoffee.EmployeeManager.csproj", "{08027FDC-0823-4A46-BD2D-C3858865629B}"
EndProject
Global
	GlobalSection(SolutionConfigurationPlatforms) = preSolution
		Debug|Any CPU = Debug|Any CPU
		Release|Any CPU = Release|Any CPU
	EndGlobalSection
	GlobalSection(ProjectConfigurationPlatforms) = postSolution
		{08027FDC-0823-4A46-BD2D-C3858865629B}.Debug|Any CPU.ActiveCfg = Debug|Any CPU
		{08027FDC-0823-4A46-BD2D-C3858865629B}.Debug|Any CPU.Build.0 = Debug|Any CPU
		{08027FDC-0823-4A46-BD2D-C3858865629B}.Release|Any CPU.ActiveCfg = Release|Any CPU
		{08027FDC-0823-4A46-BD2D-C3858865629B}.Release|Any CPU.Build.0 = Release|Any CPU
	EndGlobalSection
EndGlobal
