
Microsoft Visual Studio Solution File, Format Version 12.00
# Visual Studio Version 17
VisualStudioVersion = 17.14.36401.2
MinimumVisualStudioVersion = 10.0.40219.1
Project("{FAE04EC0-301F-11D3-BF4B-00C04F79EFBC}") = "ExampleMudWebApp", "ExampleMudWebApp\ExampleMudWebApp.csproj", "{8CCCD689-488D-9C82-ADAF-E17A033E398F}"
EndProject
Project("{FAE04EC0-301F-11D3-BF4B-00C04F79EFBC}") = "ExampleMudSystem", "ExampleMudSystem\ExampleMudSystem.csproj", "{48EFA53E-E98E-4F32-83AD-57ECD29D63A0}"
EndProject
Global
	GlobalSection(SolutionConfigurationPlatforms) = preSolution
		Debug|Any CPU = Debug|Any CPU
		Release|Any CPU = Release|Any CPU
	EndGlobalSection
	GlobalSection(ProjectConfigurationPlatforms) = postSolution
		{8CCCD689-488D-9C82-ADAF-E17A033E398F}.Debug|Any CPU.ActiveCfg = Debug|Any CPU
		{8CCCD689-488D-9C82-ADAF-E17A033E398F}.Debug|Any CPU.Build.0 = Debug|Any CPU
		{8CCCD689-488D-9C82-ADAF-E17A033E398F}.Release|Any CPU.ActiveCfg = Release|Any CPU
		{8CCCD689-488D-9C82-ADAF-E17A033E398F}.Release|Any CPU.Build.0 = Release|Any CPU
		{48EFA53E-E98E-4F32-83AD-57ECD29D63A0}.Debug|Any CPU.ActiveCfg = Debug|Any CPU
		{48EFA53E-E98E-4F32-83AD-57ECD29D63A0}.Debug|Any CPU.Build.0 = Debug|Any CPU
		{48EFA53E-E98E-4F32-83AD-57ECD29D63A0}.Release|Any CPU.ActiveCfg = Release|Any CPU
		{48EFA53E-E98E-4F32-83AD-57ECD29D63A0}.Release|Any CPU.Build.0 = Release|Any CPU
	EndGlobalSection
	GlobalSection(SolutionProperties) = preSolution
		HideSolutionNode = FALSE
	EndGlobalSection
	GlobalSection(ExtensibilityGlobals) = postSolution
		SolutionGuid = {DD65B8C2-AF1C-4EB3-B345-075486255FFE}
	EndGlobalSection
EndGlobal
