
Microsoft Visual Studio Solution File, Format Version 12.00
# Visual Studio Version 17
VisualStudioVersion = 17.14.36401.2
MinimumVisualStudioVersion = 10.0.40219.1
Project("{FAE04EC0-301F-11D3-BF4B-00C04F79EFBC}") = "OnlineShopBlazor", "OnlineShopBlazor\OnlineShopBlazor.csproj", "{731D571A-7F54-4C9E-ABCC-DC17BF9B0887}"
EndProject
Global
	GlobalSection(SolutionConfigurationPlatforms) = preSolution
		Debug|Any CPU = Debug|Any CPU
		Release|Any CPU = Release|Any CPU
	EndGlobalSection
	GlobalSection(ProjectConfigurationPlatforms) = postSolution
		{731D571A-7F54-4C9E-ABCC-DC17BF9B0887}.Debug|Any CPU.ActiveCfg = Debug|Any CPU
		{731D571A-7F54-4C9E-ABCC-DC17BF9B0887}.Debug|Any CPU.Build.0 = Debug|Any CPU
		{731D571A-7F54-4C9E-ABCC-DC17BF9B0887}.Release|Any CPU.ActiveCfg = Release|Any CPU
		{731D571A-7F54-4C9E-ABCC-DC17BF9B0887}.Release|Any CPU.Build.0 = Release|Any CPU
	EndGlobalSection
	GlobalSection(SolutionProperties) = preSolution
		HideSolutionNode = FALSE
	EndGlobalSection
	GlobalSection(ExtensibilityGlobals) = postSolution
		SolutionGuid = {7C32DC46-1EC3-4ACE-B2A1-C5099D43A9CE}
	EndGlobalSection
EndGlobal
