
Microsoft Visual Studio Solution File, Format Version 12.00
Project("{FAE04EC0-301F-11D3-BF4B-00C04F79EFBC}") = "SimpleBookCatalog.Domain", "SimpleBookCatalog.Domain\SimpleBookCatalog.Domain.csproj", "{1952121B-0835-4263-BF72-34A8A2308D2A}"
EndProject
Project("{FAE04EC0-301F-11D3-BF4B-00C04F79EFBC}") = "SimpleBookCatalog.Application", "SimpleBookCatalog.Application\SimpleBookCatalog.Application.csproj", "{51D09470-93CD-4943-8ABF-B6FA8030CA30}"
EndProject
Project("{FAE04EC0-301F-11D3-BF4B-00C04F79EFBC}") = "SimpleBookCatalog.Infrastructure", "SimpleBookCatalog.Infrastructure\SimpleBookCatalog.Infrastructure.csproj", "{C0479EFD-63AA-48DF-9910-AFE88BD987EB}"
EndProject
Global
	GlobalSection(SolutionConfigurationPlatforms) = preSolution
		Debug|Any CPU = Debug|Any CPU
		Release|Any CPU = Release|Any CPU
	EndGlobalSection
	GlobalSection(ProjectConfigurationPlatforms) = postSolution
		{1952121B-0835-4263-BF72-34A8A2308D2A}.Debug|Any CPU.ActiveCfg = Debug|Any CPU
		{1952121B-0835-4263-BF72-34A8A2308D2A}.Debug|Any CPU.Build.0 = Debug|Any CPU
		{1952121B-0835-4263-BF72-34A8A2308D2A}.Release|Any CPU.ActiveCfg = Release|Any CPU
		{1952121B-0835-4263-BF72-34A8A2308D2A}.Release|Any CPU.Build.0 = Release|Any CPU
		{51D09470-93CD-4943-8ABF-B6FA8030CA30}.Debug|Any CPU.ActiveCfg = Debug|Any CPU
		{51D09470-93CD-4943-8ABF-B6FA8030CA30}.Debug|Any CPU.Build.0 = Debug|Any CPU
		{51D09470-93CD-4943-8ABF-B6FA8030CA30}.Release|Any CPU.ActiveCfg = Release|Any CPU
		{51D09470-93CD-4943-8ABF-B6FA8030CA30}.Release|Any CPU.Build.0 = Release|Any CPU
		{C0479EFD-63AA-48DF-9910-AFE88BD987EB}.Debug|Any CPU.ActiveCfg = Debug|Any CPU
		{C0479EFD-63AA-48DF-9910-AFE88BD987EB}.Debug|Any CPU.Build.0 = Debug|Any CPU
		{C0479EFD-63AA-48DF-9910-AFE88BD987EB}.Release|Any CPU.ActiveCfg = Release|Any CPU
		{C0479EFD-63AA-48DF-9910-AFE88BD987EB}.Release|Any CPU.Build.0 = Release|Any CPU
	EndGlobalSection
EndGlobal
