
Microsoft Visual Studio Solution File, Format Version 12.00
Project("{FAE04EC0-301F-11D3-BF4B-00C04F79EFBC}") = "HomeWork_Arrays", "HomeWork_Arrays.csproj", "{0D41C3AB-7257-4EB4-B395-CD407FE439D5}"
EndProject
Global
	GlobalSection(SolutionConfigurationPlatforms) = preSolution
		Debug|Any CPU = Debug|Any CPU
		Release|Any CPU = Release|Any CPU
	EndGlobalSection
	GlobalSection(ProjectConfigurationPlatforms) = postSolution
		{0D41C3AB-7257-4EB4-B395-CD407FE439D5}.Debug|Any CPU.ActiveCfg = Debug|Any CPU
		{0D41C3AB-7257-4EB4-B395-CD407FE439D5}.Debug|Any CPU.Build.0 = Debug|Any CPU
		{0D41C3AB-7257-4EB4-B395-CD407FE439D5}.Release|Any CPU.ActiveCfg = Release|Any CPU
		{0D41C3AB-7257-4EB4-B395-CD407FE439D5}.Release|Any CPU.Build.0 = Release|Any CPU
	EndGlobalSection
EndGlobal
