
Microsoft Visual Studio Solution File, Format Version 12.00
Project("{FAE04EC0-301F-11D3-BF4B-00C04F79EFBC}") = "SimpleBookCatalog.Domain", "SimpleBookCatalog.Domain\SimpleBookCatalog.Domain.csproj", "{DBD1111D-9161-431A-8306-8845F2666974}"
EndProject
Project("{FAE04EC0-301F-11D3-BF4B-00C04F79EFBC}") = "SimpleBookCatalog.Application", "SimpleBookCatalog.Application\SimpleBookCatalog.Application.csproj", "{35DEA385-0CF8-4A6A-B392-B8D707359F83}"
EndProject
Global
	GlobalSection(SolutionConfigurationPlatforms) = preSolution
		Debug|Any CPU = Debug|Any CPU
		Release|Any CPU = Release|Any CPU
	EndGlobalSection
	GlobalSection(ProjectConfigurationPlatforms) = postSolution
		{DBD1111D-9161-431A-8306-8845F2666974}.Debug|Any CPU.ActiveCfg = Debug|Any CPU
		{DBD1111D-9161-431A-8306-8845F2666974}.Debug|Any CPU.Build.0 = Debug|Any CPU
		{DBD1111D-9161-431A-8306-8845F2666974}.Release|Any CPU.ActiveCfg = Release|Any CPU
		{DBD1111D-9161-431A-8306-8845F2666974}.Release|Any CPU.Build.0 = Release|Any CPU
		{35DEA385-0CF8-4A6A-B392-B8D707359F83}.Debug|Any CPU.ActiveCfg = Debug|Any CPU
		{35DEA385-0CF8-4A6A-B392-B8D707359F83}.Debug|Any CPU.Build.0 = Debug|Any CPU
		{35DEA385-0CF8-4A6A-B392-B8D707359F83}.Release|Any CPU.ActiveCfg = Release|Any CPU
		{35DEA385-0CF8-4A6A-B392-B8D707359F83}.Release|Any CPU.Build.0 = Release|Any CPU
	EndGlobalSection
EndGlobal
